// !$*UTF8*$!
{
	archiveVersion = 1;
	classes = {
	};
	objectVersion = 56;
	objects = {

/* Begin PBXBuildFile section */
		ADA837DA2B1D78720014CA4F /* ViewControllerInput.swift in Sources */ = {isa = PBXBuildFile; fileRef = ADA837D82B1D78720014CA4F /* ViewControllerInput.swift */; };
		ADA837DB2B1D78730014CA4F /* ViewControllerInput.xib in Resources */ = {isa = PBXBuildFile; fileRef = ADA837D92B1D78720014CA4F /* ViewControllerInput.xib */; };
		ADA837DD2B1D7E3C0014CA4F /* DataModel.swift in Sources */ = {isa = PBXBuildFile; fileRef = ADA837DC2B1D7E3C0014CA4F /* DataModel.swift */; };
		ADB3B9232B1D66B600253337 /* AppDelegate.swift in Sources */ = {isa = PBXBuildFile; fileRef = ADB3B9222B1D66B600253337 /* AppDelegate.swift */; };
		ADB3B9252B1D66B600253337 /* SceneDelegate.swift in Sources */ = {isa = PBXBuildFile; fileRef = ADB3B9242B1D66B600253337 /* SceneDelegate.swift */; };
		ADB3B9272B1D66B600253337 /* ViewController.swift in Sources */ = {isa = PBXBuildFile; fileRef = ADB3B9262B1D66B600253337 /* ViewController.swift */; };
		ADB3B92A2B1D66B600253337 /* Main.storyboard in Resources */ = {isa = PBXBuildFile; fileRef = ADB3B9282B1D66B600253337 /* Main.storyboard */; };
		ADB3B92C2B1D66C100253337 /* Assets.xcassets in Resources */ = {isa = PBXBuildFile; fileRef = ADB3B92B2B1D66C100253337 /* Assets.xcassets */; };
		ADB3B92F2B1D66C100253337 /* LaunchScreen.storyboard in Resources */ = {isa = PBXBuildFile; fileRef = ADB3B92D2B1D66C100253337 /* LaunchScreen.storyboard */; };
		ADB3B9392B1D6CE100253337 /* TableViewCell.swift in Sources */ = {isa = PBXBuildFile; fileRef = ADB3B9382B1D6CE100253337 /* TableViewCell.swift */; };
/* End PBXBuildFile section */

/* Begin PBXFileReference section */
		ADA837D82B1D78720014CA4F /* ViewControllerInput.swift */ = {isa = PBXFileReference; lastKnownFileType = sourcecode.swift; path = ViewControllerInput.swift; sourceTree = "<group>"; };
		ADA837D92B1D78720014CA4F /* ViewControllerInput.xib */ = {isa = PBXFileReference; lastKnownFileType = file.xib; path = ViewControllerInput.xib; sourceTree = "<group>"; };
		ADA837DC2B1D7E3C0014CA4F /* DataModel.swift */ = {isa = PBXFileReference; lastKnownFileType = sourcecode.swift; path = DataModel.swift; sourceTree = "<group>"; };
		ADB3B91F2B1D66B600253337 /* uas_c14210100.app */ = {isa = PBXFileReference; explicitFileType = wrapper.application; includeInIndex = 0; path = uas_c14210100.app; sourceTree = BUILT_PRODUCTS_DIR; };
		ADB3B9222B1D66B600253337 /* AppDelegate.swift */ = {isa = PBXFileReference; lastKnownFileType = sourcecode.swift; path = AppDelegate.swift; sourceTree = "<group>"; };
		ADB3B9242B1D66B600253337 /* SceneDelegate.swift */ = {isa = PBXFileReference; lastKnownFileType = sourcecode.swift; path = SceneDelegate.swift; sourceTree = "<group>"; };
		ADB3B9262B1D66B600253337 /* ViewController.swift */ = {isa = PBXFileReference; lastKnownFileType = sourcecode.swift; path = ViewController.swift; sourceTree = "<group>"; };
		ADB3B9292B1D66B600253337 /* Base */ = {isa = PBXFileReference; lastKnownFileType = file.storyboard; name = Base; path = Base.lproj/Main.storyboard; sourceTree = "<group>"; };
		ADB3B92B2B1D66C100253337 /* Assets.xcassets */ = {isa = PBXFileReference; lastKnownFileType = folder.assetcatalog; path = Assets.xcassets; sourceTree = "<group>"; };
		ADB3B92E2B1D66C100253337 /* Base */ = {isa = PBXFileReference; lastKnownFileType = file.storyboard; name = Base; path = Base.lproj/LaunchScreen.storyboard; sourceTree = "<group>"; };
		ADB3B9302B1D66C100253337 /* Info.plist */ = {isa = PBXFileReference; lastKnownFileType = text.plist.xml; path = Info.plist; sourceTree = "<group>"; };
		ADB3B9382B1D6CE100253337 /* TableViewCell.swift */ = {isa = PBXFileReference; lastKnownFileType = sourcecode.swift; path = TableViewCell.swift; sourceTree = "<group>"; };
/* End PBXFileReference section */

/* Begin PBXFrameworksBuildPhase section */
		ADB3B91C2B1D66B600253337 /* Frameworks */ = {
			isa = PBXFrameworksBuildPhase;
			buildActionMask = 2147483647;
			files = (
			);
			runOnlyForDeploymentPostprocessing = 0;
		};
/* End PBXFrameworksBuildPhase section */

/* Begin PBXGroup section */
		ADB3B9162B1D66B600253337 = {
			isa = PBXGroup;
			children = (
				ADB3B9212B1D66B600253337 /* uas_c14210100 */,
				ADB3B9202B1D66B600253337 /* Products */,
			);
			sourceTree = "<group>";
		};
		ADB3B9202B1D66B600253337 /* Products */ = {
			isa = PBXGroup;
			children = (
				ADB3B91F2B1D66B600253337 /* uas_c14210100.app */,
			);
			name = Products;
			sourceTree = "<group>";
		};
		ADB3B9212B1D66B600253337 /* uas_c14210100 */ = {
			isa = PBXGroup;
			children = (
				ADB3B9222B1D66B600253337 /* AppDelegate.swift */,
				ADB3B9242B1D66B600253337 /* SceneDelegate.swift */,
				ADB3B9262B1D66B600253337 /* ViewController.swift */,
				ADB3B9282B1D66B600253337 /* Main.storyboard */,
				ADB3B9382B1D6CE100253337 /* TableViewCell.swift */,
				ADA837D82B1D78720014CA4F /* ViewControllerInput.swift */,
				ADA837D92B1D78720014CA4F /* ViewControllerInput.xib */,
				ADA837DC2B1D7E3C0014CA4F /* DataModel.swift */,
				ADB3B92B2B1D66C100253337 /* Assets.xcassets */,
				ADB3B92D2B1D66C100253337 /* LaunchScreen.storyboard */,
				ADB3B9302B1D66C100253337 /* Info.plist */,
			);
			path = uas_c14210100;
			sourceTree = "<group>";
		};
/* End PBXGroup section */

/* Begin PBXNativeTarget section */
		ADB3B91E2B1D66B600253337 /* uas_c14210100 */ = {
			isa = PBXNativeTarget;
			buildConfigurationList = ADB3B9332B1D66C100253337 /* Build configuration list for PBXNativeTarget "uas_c14210100" */;
			buildPhases = (
				ADB3B91B2B1D66B600253337 /* Sources */,
				ADB3B91C2B1D66B600253337 /* Frameworks */,
				ADB3B91D2B1D66B600253337 /* Resources */,
			);
			buildRules = (
			);
			dependencies = (
			);
			name = uas_c14210100;
			productName = uas_c14210100;
			productReference = ADB3B91F2B1D66B600253337 /* uas_c14210100.app */;
			productType = "com.apple.product-type.application";
		};
/* End PBXNativeTarget section */

/* Begin PBXProject section */
		ADB3B9172B1D66B600253337 /* Project object */ = {
			isa = PBXProject;
			attributes = {
				BuildIndependentTargetsInParallel = 1;
				LastSwiftUpdateCheck = 1430;
				LastUpgradeCheck = 1430;
				TargetAttributes = {
					ADB3B91E2B1D66B600253337 = {
						CreatedOnToolsVersion = 14.3.1;
					};
				};
			};
			buildConfigurationList = ADB3B91A2B1D66B600253337 /* Build configuration list for PBXProject "uas_c14210100" */;
			compatibilityVersion = "Xcode 14.0";
			developmentRegion = en;
			hasScannedForEncodings = 0;
			knownRegions = (
				en,
				Base,
			);
			mainGroup = ADB3B9162B1D66B600253337;
			productRefGroup = ADB3B9202B1D66B600253337 /* Products */;
			projectDirPath = "";
			projectRoot = "";
			targets = (
				ADB3B91E2B1D66B600253337 /* uas_c14210100 */,
			);
		};
/* End PBXProject section */

/* Begin PBXResourcesBuildPhase section */
		ADB3B91D2B1D66B600253337 /* Resources */ = {
			isa = PBXResourcesBuildPhase;
			buildActionMask = 2147483647;
			files = (
				ADB3B92F2B1D66C100253337 /* LaunchScreen.storyboard in Resources */,
				ADB3B92C2B1D66C100253337 /* Assets.xcassets in Resources */,
				ADB3B92A2B1D66B600253337 /* Main.storyboard in Resources */,
				ADA837DB2B1D78730014CA4F /* ViewControllerInput.xib in Resources */,
			);
			runOnlyForDeploymentPostprocessing = 0;
		};
/* End PBXResourcesBuildPhase section */

/* Begin PBXSourcesBuildPhase section */
		ADB3B91B2B1D66B600253337 /* Sources */ = {
			isa = PBXSourcesBuildPhase;
			buildActionMask = 2147483647;
			files = (
				ADB3B9272B1D66B600253337 /* ViewController.swift in Sources */,
				ADB3B9392B1D6CE100253337 /* TableViewCell.swift in Sources */,
				ADB3B9232B1D66B600253337 /* AppDelegate.swift in Sources */,
				ADB3B9252B1D66B600253337 /* SceneDelegate.swift in Sources */,
				ADA837DA2B1D78720014CA4F /* ViewControllerInput.swift in Sources */,
				ADA837DD2B1D7E3C0014CA4F /* DataModel.swift in Sources */,
			);
			runOnlyForDeploymentPostprocessing = 0;
		};
/* End PBXSourcesBuildPhase section */

/* Begin PBXVariantGroup section */
		ADB3B9282B1D66B600253337 /* Main.storyboard */ = {
			isa = PBXVariantGroup;
			children = (
				ADB3B9292B1D66B600253337 /* Base */,
			);
			name = Main.storyboard;
			sourceTree = "<group>";
		};
		ADB3B92D2B1D66C100253337 /* LaunchScreen.storyboard */ = {
			isa = PBXVariantGroup;
			children = (
				ADB3B92E2B1D66C100253337 /* Base */,
			);
			name = LaunchScreen.storyboard;
			sourceTree = "<group>";
		};
/* End PBXVariantGroup section */

/* Begin XCBuildConfiguration section */
		ADB3B9312B1D66C100253337 /* Debug */ = {
			isa = XCBuildConfiguration;
			buildSettings = {
				ALWAYS_SEARCH_USER_PATHS = NO;
				CLANG_ANALYZER_NONNULL = YES;
				CLANG_ANALYZER_NUMBER_OBJECT_CONVERSION = YES_AGGRESSIVE;
				CLANG_CXX_LANGUAGE_STANDARD = "gnu++20";
				CLANG_ENABLE_MODULES = YES;
				CLANG_ENABLE_OBJC_ARC = YES;
				CLANG_ENABLE_OBJC_WEAK = YES;
				CLANG_WARN_BLOCK_CAPTURE_AUTORELEASING = YES;
				CLANG_WARN_BOOL_CONVERSION = YES;
				CLANG_WARN_COMMA = YES;
				CLANG_WARN_CONSTANT_CONVERSION = YES;
				CLANG_WARN_DEPRECATED_OBJC_IMPLEMENTATIONS = YES;
				CLANG_WARN_DIRECT_OBJC_ISA_USAGE = YES_ERROR;
				CLANG_WARN_DOCUMENTATION_COMMENTS = YES;
				CLANG_WARN_EMPTY_BODY = YES;
				CLANG_WARN_ENUM_CONVERSION = YES;
				CLANG_WARN_INFINITE_RECURSION = YES;
				CLANG_WARN_INT_CONVERSION = YES;
				CLANG_WARN_NON_LITERAL_NULL_CONVERSION = YES;
				CLANG_WARN_OBJC_IMPLICIT_RETAIN_SELF = YES;
				CLANG_WARN_OBJC_LITERAL_CONVERSION = YES;
				CLANG_WARN_OBJC_ROOT_CLASS = YES_ERROR;
				CLANG_WARN_QUOTED_INCLUDE_IN_FRAMEWORK_HEADER = YES;
				CLANG_WARN_RANGE_LOOP_ANALYSIS = YES;
				CLANG_WARN_STRICT_PROTOTYPES = YES;
				CLANG_WARN_SUSPICIOUS_MOVE = YES;
				CLANG_WARN_UNGUARDED_AVAILABILITY = YES_AGGRESSIVE;
				CLANG_WARN_UNREACHABLE_CODE = YES;
				CLANG_WARN__DUPLICATE_METHOD_MATCH = YES;
				COPY_PHASE_STRIP = NO;
				DEBUG_INFORMATION_FORMAT = dwarf;
				ENABLE_STRICT_OBJC_MSGSEND = YES;
				ENABLE_TESTABILITY = YES;
				GCC_C_LANGUAGE_STANDARD = gnu11;
				GCC_DYNAMIC_NO_PIC = NO;
				GCC_NO_COMMON_BLOCKS = YES;
				GCC_OPTIMIZATION_LEVEL = 0;
				GCC_PREPROCESSOR_DEFINITIONS = (
					"DEBUG=1",
					"$(inherited)",
				);
				GCC_WARN_64_TO_32_BIT_CONVERSION = YES;
				GCC_WARN_ABOUT_RETURN_TYPE = YES_ERROR;
				GCC_WARN_UNDECLARED_SELECTOR = YES;
				GCC_WARN_UNINITIALIZED_AUTOS = YES_AGGRESSIVE;
				GCC_WARN_UNUSED_FUNCTION = YES;
				GCC_WARN_UNUSED_VARIABLE = YES;
				IPHONEOS_DEPLOYMENT_TARGET = 16.4;
				MTL_ENABLE_DEBUG_INFO = INCLUDE_SOURCE;
				MTL_FAST_MATH = YES;
				ONLY_ACTIVE_ARCH = YES;
				SDKROOT = iphoneos;
				SWIFT_ACTIVE_COMPILATION_CONDITIONS = DEBUG;
				SWIFT_OPTIMIZATION_LEVEL = "-Onone";
			};
			name = Debug;
		};
		ADB3B9322B1D66C100253337 /* Release */ = {
			isa = XCBuildConfiguration;
			buildSettings = {
				ALWAYS_SEARCH_USER_PATHS = NO;
				CLANG_ANALYZER_NONNULL = YES;
				CLANG_ANALYZER_NUMBER_OBJECT_CONVERSION = YES_AGGRESSIVE;
				CLANG_CXX_LANGUAGE_STANDARD = "gnu++20";
				CLANG_ENABLE_MODULES = YES;
				CLANG_ENABLE_OBJC_ARC = YES;
				CLANG_ENABLE_OBJC_WEAK = YES;
				CLANG_WARN_BLOCK_CAPTURE_AUTORELEASING = YES;
				CLANG_WARN_BOOL_CONVERSION = YES;
				CLANG_WARN_COMMA = YES;
				CLANG_WARN_CONSTANT_CONVERSION = YES;
				CLANG_WARN_DEPRECATED_OBJC_IMPLEMENTATIONS = YES;
				CLANG_WARN_DIRECT_OBJC_ISA_USAGE = YES_ERROR;
				CLANG_WARN_DOCUMENTATION_COMMENTS = YES;
				CLANG_WARN_EMPTY_BODY = YES;
				CLANG_WARN_ENUM_CONVERSION = YES;
				CLANG_WARN_INFINITE_RECURSION = YES;
				CLANG_WARN_INT_CONVERSION = YES;
				CLANG_WARN_NON_LITERAL_NULL_CONVERSION = YES;
				CLANG_WARN_OBJC_IMPLICIT_RETAIN_SELF = YES;
				CLANG_WARN_OBJC_LITERAL_CONVERSION = YES;
				CLANG_WARN_OBJC_ROOT_CLASS = YES_ERROR;
				CLANG_WARN_QUOTED_INCLUDE_IN_FRAMEWORK_HEADER = YES;
				CLANG_WARN_RANGE_LOOP_ANALYSIS = YES;
				CLANG_WARN_STRICT_PROTOTYPES = YES;
				CLANG_WARN_SUSPICIOUS_MOVE = YES;
				CLANG_WARN_UNGUARDED_AVAILABILITY = YES_AGGRESSIVE;
				CLANG_WARN_UNREACHABLE_CODE = YES;
				CLANG_WARN__DUPLICATE_METHOD_MATCH = YES;
				COPY_PHASE_STRIP = NO;
				DEBUG_INFORMATION_FORMAT = "dwarf-with-dsym";
				ENABLE_NS_ASSERTIONS = NO;
				ENABLE_STRICT_OBJC_MSGSEND = YES;
				GCC_C_LANGUAGE_STANDARD = gnu11;
				GCC_NO_COMMON_BLOCKS = YES;
				GCC_WARN_64_TO_32_BIT_CONVERSION = YES;
				GCC_WARN_ABOUT_RETURN_TYPE = YES_ERROR;
				GCC_WARN_UNDECLARED_SELECTOR = YES;
				GCC_WARN_UNINITIALIZED_AUTOS = YES_AGGRESSIVE;
				GCC_WARN_UNUSED_FUNCTION = YES;
				GCC_WARN_UNUSED_VARIABLE = YES;
				IPHONEOS_DEPLOYMENT_TARGET = 16.4;
				MTL_ENABLE_DEBUG_INFO = NO;
				MTL_FAST_MATH = YES;
				SDKROOT = iphoneos;
				SWIFT_COMPILATION_MODE = wholemodule;
				SWIFT_OPTIMIZATION_LEVEL = "-O";
				VALIDATE_PRODUCT = YES;
			};
			name = Release;
		};
		ADB3B9342B1D66C100253337 /* Debug */ = {
			isa = XCBuildConfiguration;
			buildSettings = {
				ASSETCATALOG_COMPILER_APPICON_NAME = AppIcon;
				ASSETCATALOG_COMPILER_GLOBAL_ACCENT_COLOR_NAME = AccentColor;
				CODE_SIGN_STYLE = Automatic;
				CURRENT_PROJECT_VERSION = 1;
				GENERATE_INFOPLIST_FILE = YES;
				INFOPLIST_FILE = uas_c14210100/Info.plist;
				INFOPLIST_KEY_UIApplicationSupportsIndirectInputEvents = YES;
				INFOPLIST_KEY_UILaunchStoryboardName = LaunchScreen;
				INFOPLIST_KEY_UIMainStoryboardFile = Main;
				INFOPLIST_KEY_UISupportedInterfaceOrientations_iPad = "UIInterfaceOrientationPortrait UIInterfaceOrientationPortraitUpsideDown UIInterfaceOrientationLandscapeLeft UIInterfaceOrientationLandscapeRight";
				INFOPLIST_KEY_UISupportedInterfaceOrientations_iPhone = "UIInterfaceOrientationPortrait UIInterfaceOrientationLandscapeLeft UIInterfaceOrientationLandscapeRight";
				LD_RUNPATH_SEARCH_PATHS = (
					"$(inherited)",
					"@executable_path/Frameworks",
				);
				MARKETING_VERSION = 1.0;
				PRODUCT_BUNDLE_IDENTIFIER = "id.ac.petra.uas-c14210100";
				PRODUCT_NAME = "$(TARGET_NAME)";
				SWIFT_EMIT_LOC_STRINGS = YES;
				SWIFT_VERSION = 5.0;
				TARGETED_DEVICE_FAMILY = "1,2";
			};
			name = Debug;
		};
		ADB3B9352B1D66C100253337 /* Release */ = {
			isa = XCBuildConfiguration;
			buildSettings = {
				ASSETCATALOG_COMPILER_APPICON_NAME = AppIcon;
				ASSETCATALOG_COMPILER_GLOBAL_ACCENT_COLOR_NAME = AccentColor;
				CODE_SIGN_STYLE = Automatic;
				CURRENT_PROJECT_VERSION = 1;
				GENERATE_INFOPLIST_FILE = YES;
				INFOPLIST_FILE = uas_c14210100/Info.plist;
				INFOPLIST_KEY_UIApplicationSupportsIndirectInputEvents = YES;
				INFOPLIST_KEY_UILaunchStoryboardName = LaunchScreen;
				INFOPLIST_KEY_UIMainStoryboardFile = Main;
				INFOPLIST_KEY_UISupportedInterfaceOrientations_iPad = "UIInterfaceOrientationPortrait UIInterfaceOrientationPortraitUpsideDown UIInterfaceOrientationLandscapeLeft UIInterfaceOrientationLandscapeRight";
				INFOPLIST_KEY_UISupportedInterfaceOrientations_iPhone = "UIInterfaceOrientationPortrait UIInterfaceOrientationLandscapeLeft UIInterfaceOrientationLandscapeRight";
				LD_RUNPATH_SEARCH_PATHS = (
					"$(inherited)",
					"@executable_path/Frameworks",
				);
				MARKETING_VERSION = 1.0;
				PRODUCT_BUNDLE_IDENTIFIER = "id.ac.petra.uas-c14210100";
				PRODUCT_NAME = "$(TARGET_NAME)";
				SWIFT_EMIT_LOC_STRINGS = YES;
				SWIFT_VERSION = 5.0;
				TARGETED_DEVICE_FAMILY = "1,2";
			};
			name = Release;
		};
/* End XCBuildConfiguration section */

/* Begin XCConfigurationList section */
		ADB3B91A2B1D66B600253337 /* Build configuration list for PBXProject "uas_c14210100" */ = {
			isa = XCConfigurationList;
			buildConfigurations = (
				ADB3B9312B1D66C100253337 /* Debug */,
				ADB3B9322B1D66C100253337 /* Release */,
			);
			defaultConfigurationIsVisible = 0;
			defaultConfigurationName = Release;
		};
		ADB3B9332B1D66C100253337 /* Build configuration list for PBXNativeTarget "uas_c14210100" */ = {
			isa = XCConfigurationList;
			buildConfigurations = (
				ADB3B9342B1D66C100253337 /* Debug */,
				ADB3B9352B1D66C100253337 /* Release */,
			);
			defaultConfigurationIsVisible = 0;
			defaultConfigurationName = Release;
		};
/* End XCConfigurationList section */
	};
	rootObject = ADB3B9172B1D66B600253337 /* Project object */;
}
