// !$*UTF8*$!
{
	archiveVersion = 1;
	classes = {
	};
	objectVersion = 56;
	objects = {

/* Begin PBXBuildFile section */
		ADBA62A92AD2ACEC00C6B77B /* AppDelegate.swift in Sources */ = {isa = PBXBuildFile; fileRef = ADBA62A82AD2ACEC00C6B77B /* AppDelegate.swift */; };
		ADBA62AB2AD2ACEC00C6B77B /* SceneDelegate.swift in Sources */ = {isa = PBXBuildFile; fileRef = ADBA62AA2AD2ACEC00C6B77B /* SceneDelegate.swift */; };
		ADBA62AD2AD2ACEC00C6B77B /* ViewController.swift in Sources */ = {isa = PBXBuildFile; fileRef = ADBA62AC2AD2ACEC00C6B77B /* ViewController.swift */; };
		ADBA62B02AD2ACEC00C6B77B /* Main.storyboard in Resources */ = {isa = PBXBuildFile; fileRef = ADBA62AE2AD2ACEC00C6B77B /* Main.storyboard */; };
		ADBA62B22AD2ACF300C6B77B /* Assets.xcassets in Resources */ = {isa = PBXBuildFile; fileRef = ADBA62B12AD2ACF300C6B77B /* Assets.xcassets */; };
		ADBA62B52AD2ACF300C6B77B /* LaunchScreen.storyboard in Resources */ = {isa = PBXBuildFile; fileRef = ADBA62B32AD2ACF300C6B77B /* LaunchScreen.storyboard */; };
		ADBA62BD2AD2B77500C6B77B /* OngkirModel.swift in Sources */ = {isa = PBXBuildFile; fileRef = ADBA62BC2AD2B77500C6B77B /* OngkirModel.swift */; };
		ADBA62BF2AD3DE3D00C6B77B /* CityModel.swift in Sources */ = {isa = PBXBuildFile; fileRef = ADBA62BE2AD3DE3D00C6B77B /* CityModel.swift */; };
		ADBA62C12AD4154200C6B77B /* TableViewCell.swift in Sources */ = {isa = PBXBuildFile; fileRef = ADBA62C02AD4154200C6B77B /* TableViewCell.swift */; };
/* End PBXBuildFile section */

/* Begin PBXFileReference section */
		ADBA62A52AD2ACEC00C6B77B /* uts_c14210100.app */ = {isa = PBXFileReference; explicitFileType = wrapper.application; includeInIndex = 0; path = uts_c14210100.app; sourceTree = BUILT_PRODUCTS_DIR; };
		ADBA62A82AD2ACEC00C6B77B /* AppDelegate.swift */ = {isa = PBXFileReference; lastKnownFileType = sourcecode.swift; path = AppDelegate.swift; sourceTree = "<group>"; };
		ADBA62AA2AD2ACEC00C6B77B /* SceneDelegate.swift */ = {isa = PBXFileReference; lastKnownFileType = sourcecode.swift; path = SceneDelegate.swift; sourceTree = "<group>"; };
		ADBA62AC2AD2ACEC00C6B77B /* ViewController.swift */ = {isa = PBXFileReference; lastKnownFileType = sourcecode.swift; path = ViewController.swift; sourceTree = "<group>"; };
		ADBA62AF2AD2ACEC00C6B77B /* Base */ = {isa = PBXFileReference; lastKnownFileType = file.storyboard; name = Base; path = Base.lproj/Main.storyboard; sourceTree = "<group>"; };
		ADBA62B12AD2ACF300C6B77B /* Assets.xcassets */ = {isa = PBXFileReference; lastKnownFileType = folder.assetcatalog; path = Assets.xcassets; sourceTree = "<group>"; };
		ADBA62B42AD2ACF300C6B77B /* Base */ = {isa = PBXFileReference; lastKnownFileType = file.storyboard; name = Base; path = Base.lproj/LaunchScreen.storyboard; sourceTree = "<group>"; };
		ADBA62B62AD2ACF300C6B77B /* Info.plist */ = {isa = PBXFileReference; lastKnownFileType = text.plist.xml; path = Info.plist; sourceTree = "<group>"; };
		ADBA62BC2AD2B77500C6B77B /* OngkirModel.swift */ = {isa = PBXFileReference; lastKnownFileType = sourcecode.swift; path = OngkirModel.swift; sourceTree = "<group>"; };
		ADBA62BE2AD3DE3D00C6B77B /* CityModel.swift */ = {isa = PBXFileReference; lastKnownFileType = sourcecode.swift; path = CityModel.swift; sourceTree = "<group>"; };
		ADBA62C02AD4154200C6B77B /* TableViewCell.swift */ = {isa = PBXFileReference; lastKnownFileType = sourcecode.swift; path = TableViewCell.swift; sourceTree = "<group>"; };
/* End PBXFileReference section */

/* Begin PBXFrameworksBuildPhase section */
		ADBA62A22AD2ACEC00C6B77B /* Frameworks */ = {
			isa = PBXFrameworksBuildPhase;
			buildActionMask = 2147483647;
			files = (
			);
			runOnlyForDeploymentPostprocessing = 0;
		};
/* End PBXFrameworksBuildPhase section */

/* Begin PBXGroup section */
		ADBA629C2AD2ACEB00C6B77B = {
			isa = PBXGroup;
			children = (
				ADBA62C02AD4154200C6B77B /* TableViewCell.swift */,
				ADBA62BE2AD3DE3D00C6B77B /* CityModel.swift */,
				ADBA62A72AD2ACEC00C6B77B /* uts_c14210100 */,
				ADBA62A62AD2ACEC00C6B77B /* Products */,
			);
			sourceTree = "<group>";
		};
		ADBA62A62AD2ACEC00C6B77B /* Products */ = {
			isa = PBXGroup;
			children = (
				ADBA62A52AD2ACEC00C6B77B /* uts_c14210100.app */,
			);
			name = Products;
			sourceTree = "<group>";
		};
		ADBA62A72AD2ACEC00C6B77B /* uts_c14210100 */ = {
			isa = PBXGroup;
			children = (
				ADBA62A82AD2ACEC00C6B77B /* AppDelegate.swift */,
				ADBA62AA2AD2ACEC00C6B77B /* SceneDelegate.swift */,
				ADBA62AC2AD2ACEC00C6B77B /* ViewController.swift */,
				ADBA62AE2AD2ACEC00C6B77B /* Main.storyboard */,
				ADBA62BC2AD2B77500C6B77B /* OngkirModel.swift */,
				ADBA62B12AD2ACF300C6B77B /* Assets.xcassets */,
				ADBA62B32AD2ACF300C6B77B /* LaunchScreen.storyboard */,
				ADBA62B62AD2ACF300C6B77B /* Info.plist */,
			);
			path = uts_c14210100;
			sourceTree = "<group>";
		};
/* End PBXGroup section */

/* Begin PBXNativeTarget section */
		ADBA62A42AD2ACEC00C6B77B /* uts_c14210100 */ = {
			isa = PBXNativeTarget;
			buildConfigurationList = ADBA62B92AD2ACF300C6B77B /* Build configuration list for PBXNativeTarget "uts_c14210100" */;
			buildPhases = (
				ADBA62A12AD2ACEC00C6B77B /* Sources */,
				ADBA62A22AD2ACEC00C6B77B /* Frameworks */,
				ADBA62A32AD2ACEC00C6B77B /* Resources */,
			);
			buildRules = (
			);
			dependencies = (
			);
			name = uts_c14210100;
			productName = uts_c14210100;
			productReference = ADBA62A52AD2ACEC00C6B77B /* uts_c14210100.app */;
			productType = "com.apple.product-type.application";
		};
/* End PBXNativeTarget section */

/* Begin PBXProject section */
		ADBA629D2AD2ACEC00C6B77B /* Project object */ = {
			isa = PBXProject;
			attributes = {
				BuildIndependentTargetsInParallel = 1;
				LastSwiftUpdateCheck = 1430;
				LastUpgradeCheck = 1430;
				TargetAttributes = {
					ADBA62A42AD2ACEC00C6B77B = {
						CreatedOnToolsVersion = 14.3.1;
					};
				};
			};
			buildConfigurationList = ADBA62A02AD2ACEC00C6B77B /* Build configuration list for PBXProject "uts_c14210100" */;
			compatibilityVersion = "Xcode 14.0";
			developmentRegion = en;
			hasScannedForEncodings = 0;
			knownRegions = (
				en,
				Base,
			);
			mainGroup = ADBA629C2AD2ACEB00C6B77B;
			productRefGroup = ADBA62A62AD2ACEC00C6B77B /* Products */;
			projectDirPath = "";
			projectRoot = "";
			targets = (
				ADBA62A42AD2ACEC00C6B77B /* uts_c14210100 */,
			);
		};
/* End PBXProject section */

/* Begin PBXResourcesBuildPhase section */
		ADBA62A32AD2ACEC00C6B77B /* Resources */ = {
			isa = PBXResourcesBuildPhase;
			buildActionMask = 2147483647;
			files = (
				ADBA62B52AD2ACF300C6B77B /* LaunchScreen.storyboard in Resources */,
				ADBA62B22AD2ACF300C6B77B /* Assets.xcassets in Resources */,
				ADBA62B02AD2ACEC00C6B77B /* Main.storyboard in Resources */,
			);
			runOnlyForDeploymentPostprocessing = 0;
		};
/* End PBXResourcesBuildPhase section */

/* Begin PBXSourcesBuildPhase section */
		ADBA62A12AD2ACEC00C6B77B /* Sources */ = {
			isa = PBXSourcesBuildPhase;
			buildActionMask = 2147483647;
			files = (
				ADBA62AD2AD2ACEC00C6B77B /* ViewController.swift in Sources */,
				ADBA62A92AD2ACEC00C6B77B /* AppDelegate.swift in Sources */,
				ADBA62AB2AD2ACEC00C6B77B /* SceneDelegate.swift in Sources */,
				ADBA62C12AD4154200C6B77B /* TableViewCell.swift in Sources */,
				ADBA62BD2AD2B77500C6B77B /* OngkirModel.swift in Sources */,
				ADBA62BF2AD3DE3D00C6B77B /* CityModel.swift in Sources */,
			);
			runOnlyForDeploymentPostprocessing = 0;
		};
/* End PBXSourcesBuildPhase section */

/* Begin PBXVariantGroup section */
		ADBA62AE2AD2ACEC00C6B77B /* Main.storyboard */ = {
			isa = PBXVariantGroup;
			children = (
				ADBA62AF2AD2ACEC00C6B77B /* Base */,
			);
			name = Main.storyboard;
			sourceTree = "<group>";
		};
		ADBA62B32AD2ACF300C6B77B /* LaunchScreen.storyboard */ = {
			isa = PBXVariantGroup;
			children = (
				ADBA62B42AD2ACF300C6B77B /* Base */,
			);
			name = LaunchScreen.storyboard;
			sourceTree = "<group>";
		};
/* End PBXVariantGroup section */

/* Begin XCBuildConfiguration section */
		ADBA62B72AD2ACF300C6B77B /* Debug */ = {
			isa = XCBuildConfiguration;
			buildSettings = {
				ALWAYS_SEARCH_USER_PATHS = NO;
				CLANG_ANALYZER_NONNULL = YES;
				CLANG_ANALYZER_NUMBER_OBJECT_CONVERSION = YES_AGGRESSIVE;
				CLANG_CXX_LANGUAGE_STANDARD = "gnu++20";
				CLANG_ENABLE_MODULES = YES;
				CLANG_ENABLE_OBJC_ARC = YES;
				CLANG_ENABLE_OBJC_WEAK = YES;
				CLANG_WARN_BLOCK_CAPTURE_AUTORELEASING = YES;
				CLANG_WARN_BOOL_CONVERSION = YES;
				CLANG_WARN_COMMA = YES;
				CLANG_WARN_CONSTANT_CONVERSION = YES;
				CLANG_WARN_DEPRECATED_OBJC_IMPLEMENTATIONS = YES;
				CLANG_WARN_DIRECT_OBJC_ISA_USAGE = YES_ERROR;
				CLANG_WARN_DOCUMENTATION_COMMENTS = YES;
				CLANG_WARN_EMPTY_BODY = YES;
				CLANG_WARN_ENUM_CONVERSION = YES;
				CLANG_WARN_INFINITE_RECURSION = YES;
				CLANG_WARN_INT_CONVERSION = YES;
				CLANG_WARN_NON_LITERAL_NULL_CONVERSION = YES;
				CLANG_WARN_OBJC_IMPLICIT_RETAIN_SELF = YES;
				CLANG_WARN_OBJC_LITERAL_CONVERSION = YES;
				CLANG_WARN_OBJC_ROOT_CLASS = YES_ERROR;
				CLANG_WARN_QUOTED_INCLUDE_IN_FRAMEWORK_HEADER = YES;
				CLANG_WARN_RANGE_LOOP_ANALYSIS = YES;
				CLANG_WARN_STRICT_PROTOTYPES = YES;
				CLANG_WARN_SUSPICIOUS_MOVE = YES;
				CLANG_WARN_UNGUARDED_AVAILABILITY = YES_AGGRESSIVE;
				CLANG_WARN_UNREACHABLE_CODE = YES;
				CLANG_WARN__DUPLICATE_METHOD_MATCH = YES;
				COPY_PHASE_STRIP = NO;
				DEBUG_INFORMATION_FORMAT = dwarf;
				ENABLE_STRICT_OBJC_MSGSEND = YES;
				ENABLE_TESTABILITY = YES;
				GCC_C_LANGUAGE_STANDARD = gnu11;
				GCC_DYNAMIC_NO_PIC = NO;
				GCC_NO_COMMON_BLOCKS = YES;
				GCC_OPTIMIZATION_LEVEL = 0;
				GCC_PREPROCESSOR_DEFINITIONS = (
					"DEBUG=1",
					"$(inherited)",
				);
				GCC_WARN_64_TO_32_BIT_CONVERSION = YES;
				GCC_WARN_ABOUT_RETURN_TYPE = YES_ERROR;
				GCC_WARN_UNDECLARED_SELECTOR = YES;
				GCC_WARN_UNINITIALIZED_AUTOS = YES_AGGRESSIVE;
				GCC_WARN_UNUSED_FUNCTION = YES;
				GCC_WARN_UNUSED_VARIABLE = YES;
				IPHONEOS_DEPLOYMENT_TARGET = 16.4;
				MTL_ENABLE_DEBUG_INFO = INCLUDE_SOURCE;
				MTL_FAST_MATH = YES;
				ONLY_ACTIVE_ARCH = YES;
				SDKROOT = iphoneos;
				SWIFT_ACTIVE_COMPILATION_CONDITIONS = DEBUG;
				SWIFT_OPTIMIZATION_LEVEL = "-Onone";
			};
			name = Debug;
		};
		ADBA62B82AD2ACF300C6B77B /* Release */ = {
			isa = XCBuildConfiguration;
			buildSettings = {
				ALWAYS_SEARCH_USER_PATHS = NO;
				CLANG_ANALYZER_NONNULL = YES;
				CLANG_ANALYZER_NUMBER_OBJECT_CONVERSION = YES_AGGRESSIVE;
				CLANG_CXX_LANGUAGE_STANDARD = "gnu++20";
				CLANG_ENABLE_MODULES = YES;
				CLANG_ENABLE_OBJC_ARC = YES;
				CLANG_ENABLE_OBJC_WEAK = YES;
				CLANG_WARN_BLOCK_CAPTURE_AUTORELEASING = YES;
				CLANG_WARN_BOOL_CONVERSION = YES;
				CLANG_WARN_COMMA = YES;
				CLANG_WARN_CONSTANT_CONVERSION = YES;
				CLANG_WARN_DEPRECATED_OBJC_IMPLEMENTATIONS = YES;
				CLANG_WARN_DIRECT_OBJC_ISA_USAGE = YES_ERROR;
				CLANG_WARN_DOCUMENTATION_COMMENTS = YES;
				CLANG_WARN_EMPTY_BODY = YES;
				CLANG_WARN_ENUM_CONVERSION = YES;
				CLANG_WARN_INFINITE_RECURSION = YES;
				CLANG_WARN_INT_CONVERSION = YES;
				CLANG_WARN_NON_LITERAL_NULL_CONVERSION = YES;
				CLANG_WARN_OBJC_IMPLICIT_RETAIN_SELF = YES;
				CLANG_WARN_OBJC_LITERAL_CONVERSION = YES;
				CLANG_WARN_OBJC_ROOT_CLASS = YES_ERROR;
				CLANG_WARN_QUOTED_INCLUDE_IN_FRAMEWORK_HEADER = YES;
				CLANG_WARN_RANGE_LOOP_ANALYSIS = YES;
				CLANG_WARN_STRICT_PROTOTYPES = YES;
				CLANG_WARN_SUSPICIOUS_MOVE = YES;
				CLANG_WARN_UNGUARDED_AVAILABILITY = YES_AGGRESSIVE;
				CLANG_WARN_UNREACHABLE_CODE = YES;
				CLANG_WARN__DUPLICATE_METHOD_MATCH = YES;
				COPY_PHASE_STRIP = NO;
				DEBUG_INFORMATION_FORMAT = "dwarf-with-dsym";
				ENABLE_NS_ASSERTIONS = NO;
				ENABLE_STRICT_OBJC_MSGSEND = YES;
				GCC_C_LANGUAGE_STANDARD = gnu11;
				GCC_NO_COMMON_BLOCKS = YES;
				GCC_WARN_64_TO_32_BIT_CONVERSION = YES;
				GCC_WARN_ABOUT_RETURN_TYPE = YES_ERROR;
				GCC_WARN_UNDECLARED_SELECTOR = YES;
				GCC_WARN_UNINITIALIZED_AUTOS = YES_AGGRESSIVE;
				GCC_WARN_UNUSED_FUNCTION = YES;
				GCC_WARN_UNUSED_VARIABLE = YES;
				IPHONEOS_DEPLOYMENT_TARGET = 16.4;
				MTL_ENABLE_DEBUG_INFO = NO;
				MTL_FAST_MATH = YES;
				SDKROOT = iphoneos;
				SWIFT_COMPILATION_MODE = wholemodule;
				SWIFT_OPTIMIZATION_LEVEL = "-O";
				VALIDATE_PRODUCT = YES;
			};
			name = Release;
		};
		ADBA62BA2AD2ACF300C6B77B /* Debug */ = {
			isa = XCBuildConfiguration;
			buildSettings = {
				ASSETCATALOG_COMPILER_APPICON_NAME = AppIcon;
				ASSETCATALOG_COMPILER_GLOBAL_ACCENT_COLOR_NAME = AccentColor;
				CODE_SIGN_STYLE = Automatic;
				CURRENT_PROJECT_VERSION = 1;
				GENERATE_INFOPLIST_FILE = YES;
				INFOPLIST_FILE = uts_c14210100/Info.plist;
				INFOPLIST_KEY_UIApplicationSupportsIndirectInputEvents = YES;
				INFOPLIST_KEY_UILaunchStoryboardName = Main.storyboard;
				INFOPLIST_KEY_UIMainStoryboardFile = Main;
				INFOPLIST_KEY_UISupportedInterfaceOrientations_iPad = "UIInterfaceOrientationPortrait UIInterfaceOrientationPortraitUpsideDown UIInterfaceOrientationLandscapeLeft UIInterfaceOrientationLandscapeRight";
				INFOPLIST_KEY_UISupportedInterfaceOrientations_iPhone = "UIInterfaceOrientationPortrait UIInterfaceOrientationLandscapeLeft UIInterfaceOrientationLandscapeRight";
				LD_RUNPATH_SEARCH_PATHS = (
					"$(inherited)",
					"@executable_path/Frameworks",
				);
				MARKETING_VERSION = 1.0;
				PRODUCT_BUNDLE_IDENTIFIER = "id.ac.petra.uts-c14210100";
				PRODUCT_NAME = "$(TARGET_NAME)";
				SWIFT_EMIT_LOC_STRINGS = YES;
				SWIFT_VERSION = 5.0;
				TARGETED_DEVICE_FAMILY = "1,2";
			};
			name = Debug;
		};
		ADBA62BB2AD2ACF300C6B77B /* Release */ = {
			isa = XCBuildConfiguration;
			buildSettings = {
				ASSETCATALOG_COMPILER_APPICON_NAME = AppIcon;
				ASSETCATALOG_COMPILER_GLOBAL_ACCENT_COLOR_NAME = AccentColor;
				CODE_SIGN_STYLE = Automatic;
				CURRENT_PROJECT_VERSION = 1;
				GENERATE_INFOPLIST_FILE = YES;
				INFOPLIST_FILE = uts_c14210100/Info.plist;
				INFOPLIST_KEY_UIApplicationSupportsIndirectInputEvents = YES;
				INFOPLIST_KEY_UILaunchStoryboardName = Main.storyboard;
				INFOPLIST_KEY_UIMainStoryboardFile = Main;
				INFOPLIST_KEY_UISupportedInterfaceOrientations_iPad = "UIInterfaceOrientationPortrait UIInterfaceOrientationPortraitUpsideDown UIInterfaceOrientationLandscapeLeft UIInterfaceOrientationLandscapeRight";
				INFOPLIST_KEY_UISupportedInterfaceOrientations_iPhone = "UIInterfaceOrientationPortrait UIInterfaceOrientationLandscapeLeft UIInterfaceOrientationLandscapeRight";
				LD_RUNPATH_SEARCH_PATHS = (
					"$(inherited)",
					"@executable_path/Frameworks",
				);
				MARKETING_VERSION = 1.0;
				PRODUCT_BUNDLE_IDENTIFIER = "id.ac.petra.uts-c14210100";
				PRODUCT_NAME = "$(TARGET_NAME)";
				SWIFT_EMIT_LOC_STRINGS = YES;
				SWIFT_VERSION = 5.0;
				TARGETED_DEVICE_FAMILY = "1,2";
			};
			name = Release;
		};
/* End XCBuildConfiguration section */

/* Begin XCConfigurationList section */
		ADBA62A02AD2ACEC00C6B77B /* Build configuration list for PBXProject "uts_c14210100" */ = {
			isa = XCConfigurationList;
			buildConfigurations = (
				ADBA62B72AD2ACF300C6B77B /* Debug */,
				ADBA62B82AD2ACF300C6B77B /* Release */,
			);
			defaultConfigurationIsVisible = 0;
			defaultConfigurationName = Release;
		};
		ADBA62B92AD2ACF300C6B77B /* Build configuration list for PBXNativeTarget "uts_c14210100" */ = {
			isa = XCConfigurationList;
			buildConfigurations = (
				ADBA62BA2AD2ACF300C6B77B /* Debug */,
				ADBA62BB2AD2ACF300C6B77B /* Release */,
			);
			defaultConfigurationIsVisible = 0;
			defaultConfigurationName = Release;
		};
/* End XCConfigurationList section */
	};
	rootObject = ADBA629D2AD2ACEC00C6B77B /* Project object */;
}
